
Microsoft Visual Studio Solution File, Format Version 12.00
# Visual Studio Version 17
VisualStudioVersion = 17.9.34310.174
MinimumVisualStudioVersion = 10.0.40219.1
Project("{A0786B88-2ADB-4C21-ABE8-AA2D79766269}") = "5_bm_search", "5_bm_search\5_bm_search.phpproj", "{5063F5C7-2047-4CED-A966-AE566BC06184}"
EndProject
Project("{A0786B88-2ADB-4C21-ABE8-AA2D79766269}") = "7_binsearch_tree", "6_bintree\7_binsearch_tree.phpproj", "{27E45715-8930-453A-93A3-D5B9D791470F}"
EndProject
Project("{A0786B88-2ADB-4C21-ABE8-AA2D79766269}") = "6_bintree", "6_bintree_\6_bintree.phpproj", "{8F97681A-2D3C-4EF8-9735-AC8F0D791312}"
EndProject
Project("{A0786B88-2ADB-4C21-ABE8-AA2D79766269}") = "8_binsearch_rand_tree", "8_binsearch_rand_tree\8_binsearch_rand_tree.phpproj", "{C2045C26-83E2-43EA-A292-01D15D4681A4}"
EndProject
Project("{A0786B88-2ADB-4C21-ABE8-AA2D79766269}") = "9_binsearch_opt_tree", "9_binsearch_opt_tree\9_binsearch_opt_tree.phpproj", "{13538177-760E-4723-83F7-3E1B029F9431}"
EndProject
Project("{A0786B88-2ADB-4C21-ABE8-AA2D79766269}") = "10_binsearch_avl_tree", "10_binsearch_avl_tree\10_binsearch_avl_tree.phpproj", "{5F8A3331-D5D2-493B-B7D0-4F2D435038B3}"
EndProject
Project("{A0786B88-2ADB-4C21-ABE8-AA2D79766269}") = "11_trie", "11_bin_trie\11_trie.phpproj", "{AFD2C3CE-6D31-4D95-A757-A00D7DA28866}"
EndProject
Project("{A0786B88-2ADB-4C21-ABE8-AA2D79766269}") = "12_heapsort", "12_heapsort\12_heapsort.phpproj", "{07A7CE38-7604-48DB-ABC9-EF7B78FE0041}"
EndProject
Project("{A0786B88-2ADB-4C21-ABE8-AA2D79766269}") = "13_shellsort", "13_shell_sort\13_shellsort.phpproj", "{672EB88A-7D6A-495D-AFC2-009DDC47E800}"
EndProject
Project("{A0786B88-2ADB-4C21-ABE8-AA2D79766269}") = "14_quicksort", "14_quicksort\14_quicksort.phpproj", "{EA7B489E-CD7B-4E0F-857F-75A3A0E9E42C}"
EndProject
Project("{A0786B88-2ADB-4C21-ABE8-AA2D79766269}") = "15_mergesort", "15_mergesort\15_mergesort.phpproj", "{4224E85F-C231-4F86-8815-7EC3BD8C0A33}"
EndProject
Project("{A0786B88-2ADB-4C21-ABE8-AA2D79766269}") = "16_narutalmergesort", "16_narutalmergesort\16_narutalmergesort.phpproj", "{64FCC229-B8BB-49FF-94A6-A7EA6C7D3F99}"
EndProject
Global
	GlobalSection(SolutionConfigurationPlatforms) = preSolution
		Debug|Any CPU = Debug|Any CPU
		Release|Any CPU = Release|Any CPU
	EndGlobalSection
	GlobalSection(ProjectConfigurationPlatforms) = postSolution
		{5063F5C7-2047-4CED-A966-AE566BC06184}.Debug|Any CPU.ActiveCfg = Debug|Any CPU
		{5063F5C7-2047-4CED-A966-AE566BC06184}.Debug|Any CPU.Build.0 = Debug|Any CPU
		{5063F5C7-2047-4CED-A966-AE566BC06184}.Release|Any CPU.ActiveCfg = Release|Any CPU
		{5063F5C7-2047-4CED-A966-AE566BC06184}.Release|Any CPU.Build.0 = Release|Any CPU
		{27E45715-8930-453A-93A3-D5B9D791470F}.Debug|Any CPU.ActiveCfg = Debug|Any CPU
		{27E45715-8930-453A-93A3-D5B9D791470F}.Debug|Any CPU.Build.0 = Debug|Any CPU
		{27E45715-8930-453A-93A3-D5B9D791470F}.Release|Any CPU.ActiveCfg = Release|Any CPU
		{27E45715-8930-453A-93A3-D5B9D791470F}.Release|Any CPU.Build.0 = Release|Any CPU
		{8F97681A-2D3C-4EF8-9735-AC8F0D791312}.Debug|Any CPU.ActiveCfg = Debug|Any CPU
		{8F97681A-2D3C-4EF8-9735-AC8F0D791312}.Debug|Any CPU.Build.0 = Debug|Any CPU
		{8F97681A-2D3C-4EF8-9735-AC8F0D791312}.Release|Any CPU.ActiveCfg = Release|Any CPU
		{8F97681A-2D3C-4EF8-9735-AC8F0D791312}.Release|Any CPU.Build.0 = Release|Any CPU
		{C2045C26-83E2-43EA-A292-01D15D4681A4}.Debug|Any CPU.ActiveCfg = Debug|Any CPU
		{C2045C26-83E2-43EA-A292-01D15D4681A4}.Debug|Any CPU.Build.0 = Debug|Any CPU
		{C2045C26-83E2-43EA-A292-01D15D4681A4}.Release|Any CPU.ActiveCfg = Release|Any CPU
		{C2045C26-83E2-43EA-A292-01D15D4681A4}.Release|Any CPU.Build.0 = Release|Any CPU
		{13538177-760E-4723-83F7-3E1B029F9431}.Debug|Any CPU.ActiveCfg = Debug|Any CPU
		{13538177-760E-4723-83F7-3E1B029F9431}.Debug|Any CPU.Build.0 = Debug|Any CPU
		{13538177-760E-4723-83F7-3E1B029F9431}.Release|Any CPU.ActiveCfg = Release|Any CPU
		{13538177-760E-4723-83F7-3E1B029F9431}.Release|Any CPU.Build.0 = Release|Any CPU
		{5F8A3331-D5D2-493B-B7D0-4F2D435038B3}.Debug|Any CPU.ActiveCfg = Debug|Any CPU
		{5F8A3331-D5D2-493B-B7D0-4F2D435038B3}.Debug|Any CPU.Build.0 = Debug|Any CPU
		{5F8A3331-D5D2-493B-B7D0-4F2D435038B3}.Release|Any CPU.ActiveCfg = Release|Any CPU
		{5F8A3331-D5D2-493B-B7D0-4F2D435038B3}.Release|Any CPU.Build.0 = Release|Any CPU
		{AFD2C3CE-6D31-4D95-A757-A00D7DA28866}.Debug|Any CPU.ActiveCfg = Debug|Any CPU
		{AFD2C3CE-6D31-4D95-A757-A00D7DA28866}.Debug|Any CPU.Build.0 = Debug|Any CPU
		{AFD2C3CE-6D31-4D95-A757-A00D7DA28866}.Release|Any CPU.ActiveCfg = Release|Any CPU
		{AFD2C3CE-6D31-4D95-A757-A00D7DA28866}.Release|Any CPU.Build.0 = Release|Any CPU
		{07A7CE38-7604-48DB-ABC9-EF7B78FE0041}.Debug|Any CPU.ActiveCfg = Debug|Any CPU
		{07A7CE38-7604-48DB-ABC9-EF7B78FE0041}.Debug|Any CPU.Build.0 = Debug|Any CPU
		{07A7CE38-7604-48DB-ABC9-EF7B78FE0041}.Release|Any CPU.ActiveCfg = Release|Any CPU
		{07A7CE38-7604-48DB-ABC9-EF7B78FE0041}.Release|Any CPU.Build.0 = Release|Any CPU
		{672EB88A-7D6A-495D-AFC2-009DDC47E800}.Debug|Any CPU.ActiveCfg = Debug|Any CPU
		{672EB88A-7D6A-495D-AFC2-009DDC47E800}.Debug|Any CPU.Build.0 = Debug|Any CPU
		{672EB88A-7D6A-495D-AFC2-009DDC47E800}.Release|Any CPU.ActiveCfg = Release|Any CPU
		{672EB88A-7D6A-495D-AFC2-009DDC47E800}.Release|Any CPU.Build.0 = Release|Any CPU
		{EA7B489E-CD7B-4E0F-857F-75A3A0E9E42C}.Debug|Any CPU.ActiveCfg = Debug|Any CPU
		{EA7B489E-CD7B-4E0F-857F-75A3A0E9E42C}.Debug|Any CPU.Build.0 = Debug|Any CPU
		{EA7B489E-CD7B-4E0F-857F-75A3A0E9E42C}.Release|Any CPU.ActiveCfg = Release|Any CPU
		{EA7B489E-CD7B-4E0F-857F-75A3A0E9E42C}.Release|Any CPU.Build.0 = Release|Any CPU
		{4224E85F-C231-4F86-8815-7EC3BD8C0A33}.Debug|Any CPU.ActiveCfg = Debug|Any CPU
		{4224E85F-C231-4F86-8815-7EC3BD8C0A33}.Debug|Any CPU.Build.0 = Debug|Any CPU
		{4224E85F-C231-4F86-8815-7EC3BD8C0A33}.Release|Any CPU.ActiveCfg = Release|Any CPU
		{4224E85F-C231-4F86-8815-7EC3BD8C0A33}.Release|Any CPU.Build.0 = Release|Any CPU
		{64FCC229-B8BB-49FF-94A6-A7EA6C7D3F99}.Debug|Any CPU.ActiveCfg = Debug|Any CPU
		{64FCC229-B8BB-49FF-94A6-A7EA6C7D3F99}.Debug|Any CPU.Build.0 = Debug|Any CPU
		{64FCC229-B8BB-49FF-94A6-A7EA6C7D3F99}.Release|Any CPU.ActiveCfg = Release|Any CPU
		{64FCC229-B8BB-49FF-94A6-A7EA6C7D3F99}.Release|Any CPU.Build.0 = Release|Any CPU
	EndGlobalSection
	GlobalSection(SolutionProperties) = preSolution
		HideSolutionNode = FALSE
	EndGlobalSection
	GlobalSection(ExtensibilityGlobals) = postSolution
		SolutionGuid = {2787C7A8-5F14-4F7B-B4CF-DC95E0D9F270}
	EndGlobalSection
EndGlobal
